
Microsoft Visual Studio Solution File, Format Version 12.00
# Visual Studio Version 17
VisualStudioVersion = 17.9.34728.123
MinimumVisualStudioVersion = 10.0.40219.1
Project("{FAE04EC0-301F-11D3-BF4B-00C04F79EFBC}") = "SitdikovAA41", "SitdikovAA41\SitdikovAA41.csproj", "{B96A6A05-5DC9-42FA-932C-BCD5848958BA}"
EndProject
Global
	GlobalSection(SolutionConfigurationPlatforms) = preSolution
		Debug|Any CPU = Debug|Any CPU
		Release|Any CPU = Release|Any CPU
	EndGlobalSection
	GlobalSection(ProjectConfigurationPlatforms) = postSolution
		{B96A6A05-5DC9-42FA-932C-BCD5848958BA}.Debug|Any CPU.ActiveCfg = Debug|Any CPU
		{B96A6A05-5DC9-42FA-932C-BCD5848958BA}.Debug|Any CPU.Build.0 = Debug|Any CPU
		{B96A6A05-5DC9-42FA-932C-BCD5848958BA}.Release|Any CPU.ActiveCfg = Release|Any CPU
		{B96A6A05-5DC9-42FA-932C-BCD5848958BA}.Release|Any CPU.Build.0 = Release|Any CPU
	EndGlobalSection
	GlobalSection(SolutionProperties) = preSolution
		HideSolutionNode = FALSE
	EndGlobalSection
	GlobalSection(ExtensibilityGlobals) = postSolution
		SolutionGuid = {46A4FC38-3B61-4544-88CB-BC459D128F3F}
	EndGlobalSection
EndGlobal
